// !$*UTF8*$!
{
	archiveVersion = 1;
	classes = {
	};
	objectVersion = 50;
	objects = {

/* Begin PBXBuildFile section */
		6EF3B0C0E86F4B7C48BE2696 /* libPods-BLEManagerObjc-BLEManagerObjcTests.a in Frameworks */ = {isa = PBXBuildFile; fileRef = 2CE60AA55700DA8A72F4B1A2 /* libPods-BLEManagerObjc-BLEManagerObjcTests.a */; };
		8AB3011D2912B0DFCC23B9B3 /* libPods-BLEManagerObjcTests.a in Frameworks */ = {isa = PBXBuildFile; fileRef = B7AAF1C7855BA8639550E88B /* libPods-BLEManagerObjcTests.a */; };
		F17BACBBF6C50387B581CF55 /* libPods-BLEManagerObjc.a in Frameworks */ = {isa = PBXBuildFile; fileRef = E99AA501DE7C96D08BCFDB3D /* libPods-BLEManagerObjc.a */; };
		F77455B222DDFD910089D0CA /* BLEManagerObjcTests.m in Sources */ = {isa = PBXBuildFile; fileRef = F77455B122DDFD910089D0CA /* BLEManagerObjcTests.m */; };
		F77455C822DE00110089D0CA /* Assets.xcassets in Resources */ = {isa = PBXBuildFile; fileRef = F77455BF22DE00110089D0CA /* Assets.xcassets */; };
		F77455C922DE00110089D0CA /* SceneDelegate.m in Sources */ = {isa = PBXBuildFile; fileRef = F77455C022DE00110089D0CA /* SceneDelegate.m */; };
		F77455CA22DE00110089D0CA /* LaunchScreen.storyboard in Resources */ = {isa = PBXBuildFile; fileRef = F77455C122DE00110089D0CA /* LaunchScreen.storyboard */; };
		F77455CB22DE00110089D0CA /* Main.storyboard in Resources */ = {isa = PBXBuildFile; fileRef = F77455C322DE00110089D0CA /* Main.storyboard */; };
		F77455CC22DE00110089D0CA /* main.m in Sources */ = {isa = PBXBuildFile; fileRef = F77455C522DE00110089D0CA /* main.m */; };
		F77455CD22DE00110089D0CA /* AppDelegate.m in Sources */ = {isa = PBXBuildFile; fileRef = F77455C622DE00110089D0CA /* AppDelegate.m */; };
		F774561022E0ADBE0089D0CA /* SYJBaseViewController.m in Sources */ = {isa = PBXBuildFile; fileRef = F774560F22E0ADBE0089D0CA /* SYJBaseViewController.m */; };
		F774561422E0AE6C0089D0CA /* SYJNavigationBar.m in Sources */ = {isa = PBXBuildFile; fileRef = F774561322E0AE6C0089D0CA /* SYJNavigationBar.m */; };
		F774561722E2C5D40089D0CA /* SYJNavigationController.m in Sources */ = {isa = PBXBuildFile; fileRef = F774561622E2C5D40089D0CA /* SYJNavigationController.m */; };
		F774561C22E2C8690089D0CA /* SYJHomeViewController.m in Sources */ = {isa = PBXBuildFile; fileRef = F774561B22E2C8690089D0CA /* SYJHomeViewController.m */; };
		F774561E22E49BE40089D0CA /* loading.gif in Resources */ = {isa = PBXBuildFile; fileRef = F774561D22E49BE40089D0CA /* loading.gif */; };
/* End PBXBuildFile section */

/* Begin PBXContainerItemProxy section */
		F77455AE22DDFD910089D0CA /* PBXContainerItemProxy */ = {
			isa = PBXContainerItemProxy;
			containerPortal = F774558A22DDFD900089D0CA /* Project object */;
			proxyType = 1;
			remoteGlobalIDString = F774559122DDFD900089D0CA;
			remoteInfo = BLEManagerObjc;
		};
/* End PBXContainerItemProxy section */

/* Begin PBXFileReference section */
		2CE60AA55700DA8A72F4B1A2 /* libPods-BLEManagerObjc-BLEManagerObjcTests.a */ = {isa = PBXFileReference; explicitFileType = archive.ar; includeInIndex = 0; path = "libPods-BLEManagerObjc-BLEManagerObjcTests.a"; sourceTree = BUILT_PRODUCTS_DIR; };
		2D52B11AACC6A86998C38903 /* Pods-BLEManagerObjc-BLEManagerObjcTests.debug.xcconfig */ = {isa = PBXFileReference; includeInIndex = 1; lastKnownFileType = text.xcconfig; name = "Pods-BLEManagerObjc-BLEManagerObjcTests.debug.xcconfig"; path = "Pods/Target Support Files/Pods-BLEManagerObjc-BLEManagerObjcTests/Pods-BLEManagerObjc-BLEManagerObjcTests.debug.xcconfig"; sourceTree = "<group>"; };
		50BA7AE0819F1BF9F4AA4D64 /* Pods-BLEManagerObjcTests.release.xcconfig */ = {isa = PBXFileReference; includeInIndex = 1; lastKnownFileType = text.xcconfig; name = "Pods-BLEManagerObjcTests.release.xcconfig"; path = "Pods/Target Support Files/Pods-BLEManagerObjcTests/Pods-BLEManagerObjcTests.release.xcconfig"; sourceTree = "<group>"; };
		B773FE2EAA0F0AF228B5F390 /* Pods-BLEManagerObjc.debug.xcconfig */ = {isa = PBXFileReference; includeInIndex = 1; lastKnownFileType = text.xcconfig; name = "Pods-BLEManagerObjc.debug.xcconfig"; path = "Pods/Target Support Files/Pods-BLEManagerObjc/Pods-BLEManagerObjc.debug.xcconfig"; sourceTree = "<group>"; };
		B7AAF1C7855BA8639550E88B /* libPods-BLEManagerObjcTests.a */ = {isa = PBXFileReference; explicitFileType = archive.ar; includeInIndex = 0; path = "libPods-BLEManagerObjcTests.a"; sourceTree = BUILT_PRODUCTS_DIR; };
		C3029F36D050C1DB2EF7B8CC /* Pods-BLEManagerObjcTests.debug.xcconfig */ = {isa = PBXFileReference; includeInIndex = 1; lastKnownFileType = text.xcconfig; name = "Pods-BLEManagerObjcTests.debug.xcconfig"; path = "Pods/Target Support Files/Pods-BLEManagerObjcTests/Pods-BLEManagerObjcTests.debug.xcconfig"; sourceTree = "<group>"; };
		CD5D6E108559D89BDD4FB746 /* Pods-BLEManagerObjc-BLEManagerObjcTests.release.xcconfig */ = {isa = PBXFileReference; includeInIndex = 1; lastKnownFileType = text.xcconfig; name = "Pods-BLEManagerObjc-BLEManagerObjcTests.release.xcconfig"; path = "Pods/Target Support Files/Pods-BLEManagerObjc-BLEManagerObjcTests/Pods-BLEManagerObjc-BLEManagerObjcTests.release.xcconfig"; sourceTree = "<group>"; };
		E0C7DD309238E1BF83D15056 /* Pods-BLEManagerObjc.release.xcconfig */ = {isa = PBXFileReference; includeInIndex = 1; lastKnownFileType = text.xcconfig; name = "Pods-BLEManagerObjc.release.xcconfig"; path = "Pods/Target Support Files/Pods-BLEManagerObjc/Pods-BLEManagerObjc.release.xcconfig"; sourceTree = "<group>"; };
		E99AA501DE7C96D08BCFDB3D /* libPods-BLEManagerObjc.a */ = {isa = PBXFileReference; explicitFileType = archive.ar; includeInIndex = 0; path = "libPods-BLEManagerObjc.a"; sourceTree = BUILT_PRODUCTS_DIR; };
		F774559222DDFD900089D0CA /* BLEManagerObjc.app */ = {isa = PBXFileReference; explicitFileType = wrapper.application; includeInIndex = 0; path = BLEManagerObjc.app; sourceTree = BUILT_PRODUCTS_DIR; };
		F77455A622DDFD910089D0CA /* Info.plist */ = {isa = PBXFileReference; lastKnownFileType = text.plist.xml; path = Info.plist; sourceTree = "<group>"; };
		F77455AD22DDFD910089D0CA /* BLEManagerObjcTests.xctest */ = {isa = PBXFileReference; explicitFileType = wrapper.cfbundle; includeInIndex = 0; path = BLEManagerObjcTests.xctest; sourceTree = BUILT_PRODUCTS_DIR; };
		F77455B122DDFD910089D0CA /* BLEManagerObjcTests.m */ = {isa = PBXFileReference; lastKnownFileType = sourcecode.c.objc; path = BLEManagerObjcTests.m; sourceTree = "<group>"; };
		F77455B322DDFD910089D0CA /* Info.plist */ = {isa = PBXFileReference; lastKnownFileType = text.plist.xml; path = Info.plist; sourceTree = "<group>"; };
		F77455BE22DE00110089D0CA /* AppDelegate.h */ = {isa = PBXFileReference; fileEncoding = 4; lastKnownFileType = sourcecode.c.h; path = AppDelegate.h; sourceTree = "<group>"; };
		F77455BF22DE00110089D0CA /* Assets.xcassets */ = {isa = PBXFileReference; lastKnownFileType = folder.assetcatalog; path = Assets.xcassets; sourceTree = "<group>"; };
		F77455C022DE00110089D0CA /* SceneDelegate.m */ = {isa = PBXFileReference; fileEncoding = 4; lastKnownFileType = sourcecode.c.objc; path = SceneDelegate.m; sourceTree = "<group>"; };
		F77455C222DE00110089D0CA /* Base */ = {isa = PBXFileReference; lastKnownFileType = file.storyboard; name = Base; path = Base.lproj/LaunchScreen.storyboard; sourceTree = "<group>"; };
		F77455C422DE00110089D0CA /* Base */ = {isa = PBXFileReference; lastKnownFileType = file.storyboard; name = Base; path = Base.lproj/Main.storyboard; sourceTree = "<group>"; };
		F77455C522DE00110089D0CA /* main.m */ = {isa = PBXFileReference; fileEncoding = 4; lastKnownFileType = sourcecode.c.objc; path = main.m; sourceTree = "<group>"; };
		F77455C622DE00110089D0CA /* AppDelegate.m */ = {isa = PBXFileReference; fileEncoding = 4; lastKnownFileType = sourcecode.c.objc; path = AppDelegate.m; sourceTree = "<group>"; };
		F77455C722DE00110089D0CA /* SceneDelegate.h */ = {isa = PBXFileReference; fileEncoding = 4; lastKnownFileType = sourcecode.c.h; path = SceneDelegate.h; sourceTree = "<group>"; };
		F774560B22E09B9E0089D0CA /* PrefixHeader.pch */ = {isa = PBXFileReference; lastKnownFileType = sourcecode.c.h; path = PrefixHeader.pch; sourceTree = "<group>"; };
		F774560E22E0ADBE0089D0CA /* SYJBaseViewController.h */ = {isa = PBXFileReference; lastKnownFileType = sourcecode.c.h; path = SYJBaseViewController.h; sourceTree = "<group>"; };
		F774560F22E0ADBE0089D0CA /* SYJBaseViewController.m */ = {isa = PBXFileReference; lastKnownFileType = sourcecode.c.objc; path = SYJBaseViewController.m; sourceTree = "<group>"; };
		F774561222E0AE6C0089D0CA /* SYJNavigationBar.h */ = {isa = PBXFileReference; lastKnownFileType = sourcecode.c.h; path = SYJNavigationBar.h; sourceTree = "<group>"; };
		F774561322E0AE6C0089D0CA /* SYJNavigationBar.m */ = {isa = PBXFileReference; lastKnownFileType = sourcecode.c.objc; path = SYJNavigationBar.m; sourceTree = "<group>"; };
		F774561522E2C5D40089D0CA /* SYJNavigationController.h */ = {isa = PBXFileReference; lastKnownFileType = sourcecode.c.h; path = SYJNavigationController.h; sourceTree = "<group>"; };
		F774561622E2C5D40089D0CA /* SYJNavigationController.m */ = {isa = PBXFileReference; lastKnownFileType = sourcecode.c.objc; path = SYJNavigationController.m; sourceTree = "<group>"; };
		F774561A22E2C8690089D0CA /* SYJHomeViewController.h */ = {isa = PBXFileReference; lastKnownFileType = sourcecode.c.h; path = SYJHomeViewController.h; sourceTree = "<group>"; };
		F774561B22E2C8690089D0CA /* SYJHomeViewController.m */ = {isa = PBXFileReference; lastKnownFileType = sourcecode.c.objc; path = SYJHomeViewController.m; sourceTree = "<group>"; };
		F774561D22E49BE40089D0CA /* loading.gif */ = {isa = PBXFileReference; lastKnownFileType = image.gif; path = loading.gif; sourceTree = "<group>"; };
/* End PBXFileReference section */

/* Begin PBXFrameworksBuildPhase section */
		F774558F22DDFD900089D0CA /* Frameworks */ = {
			isa = PBXFrameworksBuildPhase;
			buildActionMask = 2147483647;
			files = (
				F17BACBBF6C50387B581CF55 /* libPods-BLEManagerObjc.a in Frameworks */,
			);
			runOnlyForDeploymentPostprocessing = 0;
		};
		F77455AA22DDFD910089D0CA /* Frameworks */ = {
			isa = PBXFrameworksBuildPhase;
			buildActionMask = 2147483647;
			files = (
				8AB3011D2912B0DFCC23B9B3 /* libPods-BLEManagerObjcTests.a in Frameworks */,
				6EF3B0C0E86F4B7C48BE2696 /* libPods-BLEManagerObjc-BLEManagerObjcTests.a in Frameworks */,
			);
			runOnlyForDeploymentPostprocessing = 0;
		};
/* End PBXFrameworksBuildPhase section */

/* Begin PBXGroup section */
		5BEF15D6CDE124723152FC8F /* Pods */ = {
			isa = PBXGroup;
			children = (
				F77455BC22DE00050089D0CA /* SYJBLEManagerObjc */,
				B773FE2EAA0F0AF228B5F390 /* Pods-BLEManagerObjc.debug.xcconfig */,
				E0C7DD309238E1BF83D15056 /* Pods-BLEManagerObjc.release.xcconfig */,
				C3029F36D050C1DB2EF7B8CC /* Pods-BLEManagerObjcTests.debug.xcconfig */,
				50BA7AE0819F1BF9F4AA4D64 /* Pods-BLEManagerObjcTests.release.xcconfig */,
				2D52B11AACC6A86998C38903 /* Pods-BLEManagerObjc-BLEManagerObjcTests.debug.xcconfig */,
				CD5D6E108559D89BDD4FB746 /* Pods-BLEManagerObjc-BLEManagerObjcTests.release.xcconfig */,
			);
			name = Pods;
			sourceTree = "<group>";
		};
		D027FDE7858BE80A3D2B9B92 /* Frameworks */ = {
			isa = PBXGroup;
			children = (
				E99AA501DE7C96D08BCFDB3D /* libPods-BLEManagerObjc.a */,
				B7AAF1C7855BA8639550E88B /* libPods-BLEManagerObjcTests.a */,
				2CE60AA55700DA8A72F4B1A2 /* libPods-BLEManagerObjc-BLEManagerObjcTests.a */,
			);
			name = Frameworks;
			sourceTree = "<group>";
		};
		F774558922DDFD900089D0CA = {
			isa = PBXGroup;
			children = (
				F774559422DDFD900089D0CA /* BLEManagerObjc */,
				F77455B022DDFD910089D0CA /* BLEManagerObjcTests */,
				F774559322DDFD900089D0CA /* Products */,
				5BEF15D6CDE124723152FC8F /* Pods */,
				D027FDE7858BE80A3D2B9B92 /* Frameworks */,
			);
			sourceTree = "<group>";
		};
		F774559322DDFD900089D0CA /* Products */ = {
			isa = PBXGroup;
			children = (
				F774559222DDFD900089D0CA /* BLEManagerObjc.app */,
				F77455AD22DDFD910089D0CA /* BLEManagerObjcTests.xctest */,
			);
			name = Products;
			sourceTree = "<group>";
		};
		F774559422DDFD900089D0CA /* BLEManagerObjc */ = {
			isa = PBXGroup;
			children = (
				F77455D222DE00510089D0CA /* UIClasses */,
				F77455CE22DE002C0089D0CA /* SYJBLEManagerObjc */,
				F77455BD22DE00110089D0CA /* SupportingFiles */,
			);
			path = BLEManagerObjc;
			sourceTree = "<group>";
		};
		F77455B022DDFD910089D0CA /* BLEManagerObjcTests */ = {
			isa = PBXGroup;
			children = (
				F77455B122DDFD910089D0CA /* BLEManagerObjcTests.m */,
				F77455B322DDFD910089D0CA /* Info.plist */,
			);
			path = BLEManagerObjcTests;
			sourceTree = "<group>";
		};
		F77455BC22DE00050089D0CA /* SYJBLEManagerObjc */ = {
			isa = PBXGroup;
			children = (
			);
			name = SYJBLEManagerObjc;
			path = BLEManagerObjc/SYJBLEManagerObjc;
			sourceTree = "<group>";
		};
		F77455BD22DE00110089D0CA /* SupportingFiles */ = {
			isa = PBXGroup;
			children = (
				F77455A622DDFD910089D0CA /* Info.plist */,
				F774561D22E49BE40089D0CA /* loading.gif */,
				F774560B22E09B9E0089D0CA /* PrefixHeader.pch */,
				F77455BE22DE00110089D0CA /* AppDelegate.h */,
				F77455C622DE00110089D0CA /* AppDelegate.m */,
				F77455C722DE00110089D0CA /* SceneDelegate.h */,
				F77455C022DE00110089D0CA /* SceneDelegate.m */,
				F77455BF22DE00110089D0CA /* Assets.xcassets */,
				F77455C122DE00110089D0CA /* LaunchScreen.storyboard */,
				F77455C322DE00110089D0CA /* Main.storyboard */,
				F77455C522DE00110089D0CA /* main.m */,
			);
			path = SupportingFiles;
			sourceTree = "<group>";
		};
		F77455CE22DE002C0089D0CA /* SYJBLEManagerObjc */ = {
			isa = PBXGroup;
			children = (
			);
			path = SYJBLEManagerObjc;
			sourceTree = "<group>";
		};
		F77455D222DE00510089D0CA /* UIClasses */ = {
			isa = PBXGroup;
			children = (
				F774561822E2C8540089D0CA /* Home */,
				F774560C22E0AD940089D0CA /* Main */,
			);
			path = UIClasses;
			sourceTree = "<group>";
		};
		F774560C22E0AD940089D0CA /* Main */ = {
			isa = PBXGroup;
			children = (
				F774561122E0AE320089D0CA /* View */,
				F774560D22E0ADA20089D0CA /* Controller */,
			);
			path = Main;
			sourceTree = "<group>";
		};
		F774560D22E0ADA20089D0CA /* Controller */ = {
			isa = PBXGroup;
			children = (
				F774560E22E0ADBE0089D0CA /* SYJBaseViewController.h */,
				F774560F22E0ADBE0089D0CA /* SYJBaseViewController.m */,
				F774561522E2C5D40089D0CA /* SYJNavigationController.h */,
				F774561622E2C5D40089D0CA /* SYJNavigationController.m */,
			);
			path = Controller;
			sourceTree = "<group>";
		};
		F774561122E0AE320089D0CA /* View */ = {
			isa = PBXGroup;
			children = (
				F774561222E0AE6C0089D0CA /* SYJNavigationBar.h */,
				F774561322E0AE6C0089D0CA /* SYJNavigationBar.m */,
			);
			path = View;
			sourceTree = "<group>";
		};
		F774561822E2C8540089D0CA /* Home */ = {
			isa = PBXGroup;
			children = (
				F774561922E2C85C0089D0CA /* Controller */,
			);
			path = Home;
			sourceTree = "<group>";
		};
		F774561922E2C85C0089D0CA /* Controller */ = {
			isa = PBXGroup;
			children = (
				F774561A22E2C8690089D0CA /* SYJHomeViewController.h */,
				F774561B22E2C8690089D0CA /* SYJHomeViewController.m */,
			);
			path = Controller;
			sourceTree = "<group>";
		};
/* End PBXGroup section */

/* Begin PBXNativeTarget section */
		F774559122DDFD900089D0CA /* BLEManagerObjc */ = {
			isa = PBXNativeTarget;
			buildConfigurationList = F77455B622DDFD910089D0CA /* Build configuration list for PBXNativeTarget "BLEManagerObjc" */;
			buildPhases = (
				5FBD6302C6F1B923A398C1BA /* [CP] Check Pods Manifest.lock */,
				F774558E22DDFD900089D0CA /* Sources */,
				F774558F22DDFD900089D0CA /* Frameworks */,
				F774559022DDFD900089D0CA /* Resources */,
				0C292625DCEABB61F8EF7EF7 /* [CP] Embed Pods Frameworks */,
				743888D9E8D11CBDFFC111FC /* [CP] Copy Pods Resources */,
			);
			buildRules = (
			);
			dependencies = (
			);
			name = BLEManagerObjc;
			productName = BLEManagerObjc;
			productReference = F774559222DDFD900089D0CA /* BLEManagerObjc.app */;
			productType = "com.apple.product-type.application";
		};
		F77455AC22DDFD910089D0CA /* BLEManagerObjcTests */ = {
			isa = PBXNativeTarget;
			buildConfigurationList = F77455B922DDFD910089D0CA /* Build configuration list for PBXNativeTarget "BLEManagerObjcTests" */;
			buildPhases = (
				91CA6D5FBA326A064C872120 /* [CP] Check Pods Manifest.lock */,
				F77455A922DDFD910089D0CA /* Sources */,
				F77455AA22DDFD910089D0CA /* Frameworks */,
				F77455AB22DDFD910089D0CA /* Resources */,
				09E51DF63CEC330CD021FBB6 /* [CP] Embed Pods Frameworks */,
				2D967E9F81D2A2C20CD25A81 /* [CP] Copy Pods Resources */,
			);
			buildRules = (
			);
			dependencies = (
				F77455AF22DDFD910089D0CA /* PBXTargetDependency */,
			);
			name = BLEManagerObjcTests;
			productName = BLEManagerObjcTests;
			productReference = F77455AD22DDFD910089D0CA /* BLEManagerObjcTests.xctest */;
			productType = "com.apple.product-type.bundle.unit-test";
		};
/* End PBXNativeTarget section */

/* Begin PBXProject section */
		F774558A22DDFD900089D0CA /* Project object */ = {
			isa = PBXProject;
			attributes = {
				CLASSPREFIX = SYJ;
				LastUpgradeCheck = 1100;
				ORGANIZATIONNAME = ShenYj;
				TargetAttributes = {
					F774559122DDFD900089D0CA = {
						CreatedOnToolsVersion = 11.0;
					};
					F77455AC22DDFD910089D0CA = {
						CreatedOnToolsVersion = 11.0;
						TestTargetID = F774559122DDFD900089D0CA;
					};
				};
			};
			buildConfigurationList = F774558D22DDFD900089D0CA /* Build configuration list for PBXProject "BLEManagerObjc" */;
			compatibilityVersion = "Xcode 9.3";
			developmentRegion = en;
			hasScannedForEncodings = 0;
			knownRegions = (
				en,
				Base,
			);
			mainGroup = F774558922DDFD900089D0CA;
			productRefGroup = F774559322DDFD900089D0CA /* Products */;
			projectDirPath = "";
			projectRoot = "";
			targets = (
				F774559122DDFD900089D0CA /* BLEManagerObjc */,
				F77455AC22DDFD910089D0CA /* BLEManagerObjcTests */,
			);
		};
/* End PBXProject section */

/* Begin PBXResourcesBuildPhase section */
		F774559022DDFD900089D0CA /* Resources */ = {
			isa = PBXResourcesBuildPhase;
			buildActionMask = 2147483647;
			files = (
				F77455CB22DE00110089D0CA /* Main.storyboard in Resources */,
				F774561E22E49BE40089D0CA /* loading.gif in Resources */,
				F77455C822DE00110089D0CA /* Assets.xcassets in Resources */,
				F77455CA22DE00110089D0CA /* LaunchScreen.storyboard in Resources */,
			);
			runOnlyForDeploymentPostprocessing = 0;
		};
		F77455AB22DDFD910089D0CA /* Resources */ = {
			isa = PBXResourcesBuildPhase;
			buildActionMask = 2147483647;
			files = (
			);
			runOnlyForDeploymentPostprocessing = 0;
		};
/* End PBXResourcesBuildPhase section */

/* Begin PBXShellScriptBuildPhase section */
		09E51DF63CEC330CD021FBB6 /* [CP] Embed Pods Frameworks */ = {
			isa = PBXShellScriptBuildPhase;
			buildActionMask = 2147483647;
			files = (
			);
			inputPaths = (
			);
			name = "[CP] Embed Pods Frameworks";
			outputPaths = (
			);
			runOnlyForDeploymentPostprocessing = 0;
			shellPath = /bin/sh;
			shellScript = "\"${SRCROOT}/Pods/Target Support Files/Pods-BLEManagerObjcTests/Pods-BLEManagerObjcTests-frameworks.sh\"\n";
			showEnvVarsInLog = 0;
		};
		0C292625DCEABB61F8EF7EF7 /* [CP] Embed Pods Frameworks */ = {
			isa = PBXShellScriptBuildPhase;
			buildActionMask = 2147483647;
			files = (
			);
			inputPaths = (
			);
			name = "[CP] Embed Pods Frameworks";
			outputPaths = (
			);
			runOnlyForDeploymentPostprocessing = 0;
			shellPath = /bin/sh;
			shellScript = "\"${SRCROOT}/Pods/Target Support Files/Pods-BLEManagerObjc/Pods-BLEManagerObjc-frameworks.sh\"\n";
			showEnvVarsInLog = 0;
		};
		2D967E9F81D2A2C20CD25A81 /* [CP] Copy Pods Resources */ = {
			isa = PBXShellScriptBuildPhase;
			buildActionMask = 2147483647;
			files = (
			);
			inputPaths = (
				"${SRCROOT}/Pods/Target Support Files/Pods-BLEManagerObjc-BLEManagerObjcTests/Pods-BLEManagerObjc-BLEManagerObjcTests-resources.sh",
				"${PODS_ROOT}/MJRefresh/MJRefresh/MJRefresh.bundle",
			);
			name = "[CP] Copy Pods Resources";
			outputPaths = (
				"${TARGET_BUILD_DIR}/${UNLOCALIZED_RESOURCES_FOLDER_PATH}",
			);
			runOnlyForDeploymentPostprocessing = 0;
			shellPath = /bin/sh;
			shellScript = "\"${SRCROOT}/Pods/Target Support Files/Pods-BLEManagerObjcTests/Pods-BLEManagerObjcTests-resources.sh\"\n";
			showEnvVarsInLog = 0;
		};
		5FBD6302C6F1B923A398C1BA /* [CP] Check Pods Manifest.lock */ = {
			isa = PBXShellScriptBuildPhase;
			buildActionMask = 2147483647;
			files = (
			);
			inputPaths = (
				"${PODS_PODFILE_DIR_PATH}/Podfile.lock",
				"${PODS_ROOT}/Manifest.lock",
			);
			name = "[CP] Check Pods Manifest.lock";
			outputPaths = (
				"$(DERIVED_FILE_DIR)/Pods-BLEManagerObjc-checkManifestLockResult.txt",
			);
			runOnlyForDeploymentPostprocessing = 0;
			shellPath = /bin/sh;
			shellScript = "diff \"${PODS_PODFILE_DIR_PATH}/Podfile.lock\" \"${PODS_ROOT}/Manifest.lock\" > /dev/null\nif [ $? != 0 ] ; then\n    # print error to STDERR\n    echo \"error: The sandbox is not in sync with the Podfile.lock. Run 'pod install' or update your CocoaPods installation.\" >&2\n    exit 1\nfi\n# This output is used by Xcode 'outputs' to avoid re-running this script phase.\necho \"SUCCESS\" > \"${SCRIPT_OUTPUT_FILE_0}\"\n";
			showEnvVarsInLog = 0;
		};
		743888D9E8D11CBDFFC111FC /* [CP] Copy Pods Resources */ = {
			isa = PBXShellScriptBuildPhase;
			buildActionMask = 2147483647;
			files = (
			);
			inputPaths = (
				"${SRCROOT}/Pods/Target Support Files/Pods-BLEManagerObjc/Pods-BLEManagerObjc-resources.sh",
				"${PODS_ROOT}/MJRefresh/MJRefresh/MJRefresh.bundle",
			);
			name = "[CP] Copy Pods Resources";
			outputPaths = (
			);
			runOnlyForDeploymentPostprocessing = 0;
			shellPath = /bin/sh;
			shellScript = "\"${SRCROOT}/Pods/Target Support Files/Pods-BLEManagerObjc/Pods-BLEManagerObjc-resources.sh\"\n";
			showEnvVarsInLog = 0;
		};
		91CA6D5FBA326A064C872120 /* [CP] Check Pods Manifest.lock */ = {
			isa = PBXShellScriptBuildPhase;
			buildActionMask = 2147483647;
			files = (
			);
			inputPaths = (
				"${PODS_PODFILE_DIR_PATH}/Podfile.lock",
				"${PODS_ROOT}/Manifest.lock",
			);
			name = "[CP] Check Pods Manifest.lock";
			outputPaths = (
				"$(DERIVED_FILE_DIR)/Pods-BLEManagerObjcTests-checkManifestLockResult.txt",
			);
			runOnlyForDeploymentPostprocessing = 0;
			shellPath = /bin/sh;
			shellScript = "diff \"${PODS_PODFILE_DIR_PATH}/Podfile.lock\" \"${PODS_ROOT}/Manifest.lock\" > /dev/null\nif [ $? != 0 ] ; then\n    # print error to STDERR\n    echo \"error: The sandbox is not in sync with the Podfile.lock. Run 'pod install' or update your CocoaPods installation.\" >&2\n    exit 1\nfi\n# This output is used by Xcode 'outputs' to avoid re-running this script phase.\necho \"SUCCESS\" > \"${SCRIPT_OUTPUT_FILE_0}\"\n";
			showEnvVarsInLog = 0;
		};
/* End PBXShellScriptBuildPhase section */

/* Begin PBXSourcesBuildPhase section */
		F774558E22DDFD900089D0CA /* Sources */ = {
			isa = PBXSourcesBuildPhase;
			buildActionMask = 2147483647;
			files = (
				F774561722E2C5D40089D0CA /* SYJNavigationController.m in Sources */,
				F774561C22E2C8690089D0CA /* SYJHomeViewController.m in Sources */,
				F774561422E0AE6C0089D0CA /* SYJNavigationBar.m in Sources */,
				F77455CD22DE00110089D0CA /* AppDelegate.m in Sources */,
				F77455CC22DE00110089D0CA /* main.m in Sources */,
				F774561022E0ADBE0089D0CA /* SYJBaseViewController.m in Sources */,
				F77455C922DE00110089D0CA /* SceneDelegate.m in Sources */,
			);
			runOnlyForDeploymentPostprocessing = 0;
		};
		F77455A922DDFD910089D0CA /* Sources */ = {
			isa = PBXSourcesBuildPhase;
			buildActionMask = 2147483647;
			files = (
				F77455B222DDFD910089D0CA /* BLEManagerObjcTests.m in Sources */,
			);
			runOnlyForDeploymentPostprocessing = 0;
		};
/* End PBXSourcesBuildPhase section */

/* Begin PBXTargetDependency section */
		F77455AF22DDFD910089D0CA /* PBXTargetDependency */ = {
			isa = PBXTargetDependency;
			target = F774559122DDFD900089D0CA /* BLEManagerObjc */;
			targetProxy = F77455AE22DDFD910089D0CA /* PBXContainerItemProxy */;
		};
/* End PBXTargetDependency section */

/* Begin PBXVariantGroup section */
		F77455C122DE00110089D0CA /* LaunchScreen.storyboard */ = {
			isa = PBXVariantGroup;
			children = (
				F77455C222DE00110089D0CA /* Base */,
			);
			name = LaunchScreen.storyboard;
			sourceTree = "<group>";
		};
		F77455C322DE00110089D0CA /* Main.storyboard */ = {
			isa = PBXVariantGroup;
			children = (
				F77455C422DE00110089D0CA /* Base */,
			);
			name = Main.storyboard;
			sourceTree = "<group>";
		};
/* End PBXVariantGroup section */

/* Begin XCBuildConfiguration section */
		F77455B422DDFD910089D0CA /* Debug */ = {
			isa = XCBuildConfiguration;
			buildSettings = {
				ALWAYS_SEARCH_USER_PATHS = NO;
				CLANG_ANALYZER_NONNULL = YES;
				CLANG_ANALYZER_NUMBER_OBJECT_CONVERSION = YES_AGGRESSIVE;
				CLANG_CXX_LANGUAGE_STANDARD = "gnu++14";
				CLANG_CXX_LIBRARY = "libc++";
				CLANG_ENABLE_MODULES = YES;
				CLANG_ENABLE_OBJC_ARC = YES;
				CLANG_ENABLE_OBJC_WEAK = YES;
				CLANG_WARN_BLOCK_CAPTURE_AUTORELEASING = YES;
				CLANG_WARN_BOOL_CONVERSION = YES;
				CLANG_WARN_COMMA = YES;
				CLANG_WARN_CONSTANT_CONVERSION = YES;
				CLANG_WARN_DEPRECATED_OBJC_IMPLEMENTATIONS = YES;
				CLANG_WARN_DIRECT_OBJC_ISA_USAGE = YES_ERROR;
				CLANG_WARN_DOCUMENTATION_COMMENTS = YES;
				CLANG_WARN_EMPTY_BODY = YES;
				CLANG_WARN_ENUM_CONVERSION = YES;
				CLANG_WARN_INFINITE_RECURSION = YES;
				CLANG_WARN_INT_CONVERSION = YES;
				CLANG_WARN_NON_LITERAL_NULL_CONVERSION = YES;
				CLANG_WARN_OBJC_IMPLICIT_RETAIN_SELF = YES;
				CLANG_WARN_OBJC_LITERAL_CONVERSION = YES;
				CLANG_WARN_OBJC_ROOT_CLASS = YES_ERROR;
				CLANG_WARN_RANGE_LOOP_ANALYSIS = YES;
				CLANG_WARN_STRICT_PROTOTYPES = YES;
				CLANG_WARN_SUSPICIOUS_MOVE = YES;
				CLANG_WARN_UNGUARDED_AVAILABILITY = YES_AGGRESSIVE;
				CLANG_WARN_UNREACHABLE_CODE = YES;
				CLANG_WARN__DUPLICATE_METHOD_MATCH = YES;
				COPY_PHASE_STRIP = NO;
				DEBUG_INFORMATION_FORMAT = dwarf;
				ENABLE_STRICT_OBJC_MSGSEND = YES;
				ENABLE_TESTABILITY = YES;
				GCC_C_LANGUAGE_STANDARD = gnu11;
				GCC_DYNAMIC_NO_PIC = NO;
				GCC_NO_COMMON_BLOCKS = YES;
				GCC_OPTIMIZATION_LEVEL = 0;
				GCC_PREPROCESSOR_DEFINITIONS = (
					"DEBUG=1",
					"$(inherited)",
				);
				GCC_WARN_64_TO_32_BIT_CONVERSION = YES;
				GCC_WARN_ABOUT_RETURN_TYPE = YES_ERROR;
				GCC_WARN_UNDECLARED_SELECTOR = YES;
				GCC_WARN_UNINITIALIZED_AUTOS = YES_AGGRESSIVE;
				GCC_WARN_UNUSED_FUNCTION = YES;
				GCC_WARN_UNUSED_VARIABLE = YES;
				IPHONEOS_DEPLOYMENT_TARGET = 13.0;
				MTL_ENABLE_DEBUG_INFO = INCLUDE_SOURCE;
				MTL_FAST_MATH = YES;
				ONLY_ACTIVE_ARCH = YES;
				SDKROOT = iphoneos;
			};
			name = Debug;
		};
		F77455B522DDFD910089D0CA /* Release */ = {
			isa = XCBuildConfiguration;
			buildSettings = {
				ALWAYS_SEARCH_USER_PATHS = NO;
				CLANG_ANALYZER_NONNULL = YES;
				CLANG_ANALYZER_NUMBER_OBJECT_CONVERSION = YES_AGGRESSIVE;
				CLANG_CXX_LANGUAGE_STANDARD = "gnu++14";
				CLANG_CXX_LIBRARY = "libc++";
				CLANG_ENABLE_MODULES = YES;
				CLANG_ENABLE_OBJC_ARC = YES;
				CLANG_ENABLE_OBJC_WEAK = YES;
				CLANG_WARN_BLOCK_CAPTURE_AUTORELEASING = YES;
				CLANG_WARN_BOOL_CONVERSION = YES;
				CLANG_WARN_COMMA = YES;
				CLANG_WARN_CONSTANT_CONVERSION = YES;
				CLANG_WARN_DEPRECATED_OBJC_IMPLEMENTATIONS = YES;
				CLANG_WARN_DIRECT_OBJC_ISA_USAGE = YES_ERROR;
				CLANG_WARN_DOCUMENTATION_COMMENTS = YES;
				CLANG_WARN_EMPTY_BODY = YES;
				CLANG_WARN_ENUM_CONVERSION = YES;
				CLANG_WARN_INFINITE_RECURSION = YES;
				CLANG_WARN_INT_CONVERSION = YES;
				CLANG_WARN_NON_LITERAL_NULL_CONVERSION = YES;
				CLANG_WARN_OBJC_IMPLICIT_RETAIN_SELF = YES;
				CLANG_WARN_OBJC_LITERAL_CONVERSION = YES;
				CLANG_WARN_OBJC_ROOT_CLASS = YES_ERROR;
				CLANG_WARN_RANGE_LOOP_ANALYSIS = YES;
				CLANG_WARN_STRICT_PROTOTYPES = YES;
				CLANG_WARN_SUSPICIOUS_MOVE = YES;
				CLANG_WARN_UNGUARDED_AVAILABILITY = YES_AGGRESSIVE;
				CLANG_WARN_UNREACHABLE_CODE = YES;
				CLANG_WARN__DUPLICATE_METHOD_MATCH = YES;
				COPY_PHASE_STRIP = NO;
				DEBUG_INFORMATION_FORMAT = "dwarf-with-dsym";
				ENABLE_NS_ASSERTIONS = NO;
				ENABLE_STRICT_OBJC_MSGSEND = YES;
				GCC_C_LANGUAGE_STANDARD = gnu11;
				GCC_NO_COMMON_BLOCKS = YES;
				GCC_WARN_64_TO_32_BIT_CONVERSION = YES;
				GCC_WARN_ABOUT_RETURN_TYPE = YES_ERROR;
				GCC_WARN_UNDECLARED_SELECTOR = YES;
				GCC_WARN_UNINITIALIZED_AUTOS = YES_AGGRESSIVE;
				GCC_WARN_UNUSED_FUNCTION = YES;
				GCC_WARN_UNUSED_VARIABLE = YES;
				IPHONEOS_DEPLOYMENT_TARGET = 13.0;
				MTL_ENABLE_DEBUG_INFO = NO;
				MTL_FAST_MATH = YES;
				SDKROOT = iphoneos;
				VALIDATE_PRODUCT = YES;
			};
			name = Release;
		};
		F77455B722DDFD910089D0CA /* Debug */ = {
			isa = XCBuildConfiguration;
			baseConfigurationReference = B773FE2EAA0F0AF228B5F390 /* Pods-BLEManagerObjc.debug.xcconfig */;
			buildSettings = {
				ASSETCATALOG_COMPILER_APPICON_NAME = AppIcon;
				CODE_SIGN_STYLE = Automatic;
				DEVELOPMENT_TEAM = KS5QTFAS57;
				GCC_PREFIX_HEADER = "$(SRCROOT)/$(PRODUCT_NAME)/SupportingFIles/PrefixHeader.pch";
				INFOPLIST_FILE = BLEManagerObjc/SupportingFiles/Info.plist;
				IPHONEOS_DEPLOYMENT_TARGET = 10.0;
				LD_RUNPATH_SEARCH_PATHS = (
					"$(inherited)",
					"@executable_path/Frameworks",
				);
				PRODUCT_BUNDLE_IDENTIFIER = cn.com.ShenYj.BLEManagerObjc;
				PRODUCT_NAME = "$(TARGET_NAME)";
				TARGETED_DEVICE_FAMILY = "1,2";
			};
			name = Debug;
		};
		F77455B822DDFD910089D0CA /* Release */ = {
			isa = XCBuildConfiguration;
			baseConfigurationReference = E0C7DD309238E1BF83D15056 /* Pods-BLEManagerObjc.release.xcconfig */;
			buildSettings = {
				ASSETCATALOG_COMPILER_APPICON_NAME = AppIcon;
				CODE_SIGN_STYLE = Automatic;
				DEVELOPMENT_TEAM = KS5QTFAS57;
				GCC_PREFIX_HEADER = "$(SRCROOT)/$(PRODUCT_NAME)/SupportingFIles/PrefixHeader.pch";
				INFOPLIST_FILE = BLEManagerObjc/SupportingFiles/Info.plist;
				IPHONEOS_DEPLOYMENT_TARGET = 10.0;
				LD_RUNPATH_SEARCH_PATHS = (
					"$(inherited)",
					"@executable_path/Frameworks",
				);
				PRODUCT_BUNDLE_IDENTIFIER = cn.com.ShenYj.BLEManagerObjc;
				PRODUCT_NAME = "$(TARGET_NAME)";
				TARGETED_DEVICE_FAMILY = "1,2";
			};
			name = Release;
		};
		F77455BA22DDFD910089D0CA /* Debug */ = {
			isa = XCBuildConfiguration;
			baseConfigurationReference = C3029F36D050C1DB2EF7B8CC /* Pods-BLEManagerObjcTests.debug.xcconfig */;
			buildSettings = {
				BUNDLE_LOADER = "$(TEST_HOST)";
				CODE_SIGN_STYLE = Automatic;
				DEVELOPMENT_TEAM = KS5QTFAS57;
				INFOPLIST_FILE = BLEManagerObjcTests/Info.plist;
				LD_RUNPATH_SEARCH_PATHS = (
					"$(inherited)",
					"@executable_path/Frameworks",
					"@loader_path/Frameworks",
				);
				PRODUCT_BUNDLE_IDENTIFIER = cn.com.ShenYj.BLEManagerObjcTests;
				PRODUCT_NAME = "$(TARGET_NAME)";
				TARGETED_DEVICE_FAMILY = "1,2";
				TEST_HOST = "$(BUILT_PRODUCTS_DIR)/BLEManagerObjc.app/BLEManagerObjc";
			};
			name = Debug;
		};
		F77455BB22DDFD910089D0CA /* Release */ = {
			isa = XCBuildConfiguration;
			baseConfigurationReference = 50BA7AE0819F1BF9F4AA4D64 /* Pods-BLEManagerObjcTests.release.xcconfig */;
			buildSettings = {
				BUNDLE_LOADER = "$(TEST_HOST)";
				CODE_SIGN_STYLE = Automatic;
				DEVELOPMENT_TEAM = KS5QTFAS57;
				INFOPLIST_FILE = BLEManagerObjcTests/Info.plist;
				LD_RUNPATH_SEARCH_PATHS = (
					"$(inherited)",
					"@executable_path/Frameworks",
					"@loader_path/Frameworks",
				);
				PRODUCT_BUNDLE_IDENTIFIER = cn.com.ShenYj.BLEManagerObjcTests;
				PRODUCT_NAME = "$(TARGET_NAME)";
				TARGETED_DEVICE_FAMILY = "1,2";
				TEST_HOST = "$(BUILT_PRODUCTS_DIR)/BLEManagerObjc.app/BLEManagerObjc";
			};
			name = Release;
		};
/* End XCBuildConfiguration section */

/* Begin XCConfigurationList section */
		F774558D22DDFD900089D0CA /* Build configuration list for PBXProject "BLEManagerObjc" */ = {
			isa = XCConfigurationList;
			buildConfigurations = (
				F77455B422DDFD910089D0CA /* Debug */,
				F77455B522DDFD910089D0CA /* Release */,
			);
			defaultConfigurationIsVisible = 0;
			defaultConfigurationName = Release;
		};
		F77455B622DDFD910089D0CA /* Build configuration list for PBXNativeTarget "BLEManagerObjc" */ = {
			isa = XCConfigurationList;
			buildConfigurations = (
				F77455B722DDFD910089D0CA /* Debug */,
				F77455B822DDFD910089D0CA /* Release */,
			);
			defaultConfigurationIsVisible = 0;
			defaultConfigurationName = Release;
		};
		F77455B922DDFD910089D0CA /* Build configuration list for PBXNativeTarget "BLEManagerObjcTests" */ = {
			isa = XCConfigurationList;
			buildConfigurations = (
				F77455BA22DDFD910089D0CA /* Debug */,
				F77455BB22DDFD910089D0CA /* Release */,
			);
			defaultConfigurationIsVisible = 0;
			defaultConfigurationName = Release;
		};
/* End XCConfigurationList section */
	};
	rootObject = F774558A22DDFD900089D0CA /* Project object */;
}
